
Microsoft Visual Studio Solution File, Format Version 10.00
# Visual Studio 2008
Project("{FAE04EC0-301F-11D3-BF4B-00C04F79EFBC}") = "ListCollection", "ListCollection\ListCollection.csproj", "{B1CE734F-1C08-4E73-939D-F0309163551C}"
EndProject
Project("{FAE04EC0-301F-11D3-BF4B-00C04F79EFBC}") = "ListApp", "ListApp\ListApp.csproj", "{7FE70136-27FA-4E58-87F7-4C158A5F0290}"
EndProject
Global
	GlobalSection(SolutionConfigurationPlatforms) = preSolution
		Debug|Any CPU = Debug|Any CPU
		Release|Any CPU = Release|Any CPU
	EndGlobalSection
	GlobalSection(ProjectConfigurationPlatforms) = postSolution
		{B1CE734F-1C08-4E73-939D-F0309163551C}.Debug|Any CPU.ActiveCfg = Debug|Any CPU
		{B1CE734F-1C08-4E73-939D-F0309163551C}.Debug|Any CPU.Build.0 = Debug|Any CPU
		{B1CE734F-1C08-4E73-939D-F0309163551C}.Release|Any CPU.ActiveCfg = Release|Any CPU
		{B1CE734F-1C08-4E73-939D-F0309163551C}.Release|Any CPU.Build.0 = Release|Any CPU
		{7FE70136-27FA-4E58-87F7-4C158A5F0290}.Debug|Any CPU.ActiveCfg = Debug|Any CPU
		{7FE70136-27FA-4E58-87F7-4C158A5F0290}.Debug|Any CPU.Build.0 = Debug|Any CPU
		{7FE70136-27FA-4E58-87F7-4C158A5F0290}.Release|Any CPU.ActiveCfg = Release|Any CPU
		{7FE70136-27FA-4E58-87F7-4C158A5F0290}.Release|Any CPU.Build.0 = Release|Any CPU
	EndGlobalSection
	GlobalSection(SolutionProperties) = preSolution
		HideSolutionNode = FALSE
	EndGlobalSection
EndGlobal
