Microsoft Visual Studio Solution File, Format Version 10.00
# Visual Studio 2008
Project("{FAE04EC0-301F-11D3-BF4B-00C04F79EFBC}") = "SetupWizard", "SetupWizard.csproj", "{52420737-06FD-4EE1-A142-E3400F2901E5}"
EndProject
Global
	GlobalSection(SolutionConfigurationPlatforms) = preSolution
		Debug|Any CPU = Debug|Any CPU
		Release|Any CPU = Release|Any CPU
	EndGlobalSection
	GlobalSection(ProjectConfigurationPlatforms) = postSolution
		{52420737-06FD-4EE1-A142-E3400F2901E5}.Debug|Any CPU.ActiveCfg = Debug|Any CPU
		{52420737-06FD-4EE1-A142-E3400F2901E5}.Debug|Any CPU.Build.0 = Debug|Any CPU
		{52420737-06FD-4EE1-A142-E3400F2901E5}.Release|Any CPU.ActiveCfg = Release|Any CPU
		{52420737-06FD-4EE1-A142-E3400F2901E5}.Release|Any CPU.Build.0 = Release|Any CPU
	EndGlobalSection
	GlobalSection(SolutionProperties) = preSolution
		HideSolutionNode = FALSE
	EndGlobalSection
EndGlobal
